
Microsoft Visual Studio Solution File, Format Version 12.00
# Visual Studio Version 16
VisualStudioVersion = 16.0.29519.87
MinimumVisualStudioVersion = 10.0.40219.1
Project("{FAE04EC0-301F-11D3-BF4B-00C04F79EFBC}") = "DatingAppAPI", "DatingAppAPI\DatingAppAPI.csproj", "{C945394D-B810-4F44-B7FE-BA2A6E7D6838}"
EndProject
Global
	GlobalSection(SolutionConfigurationPlatforms) = preSolution
		Debug|Any CPU = Debug|Any CPU
		Release|Any CPU = Release|Any CPU
	EndGlobalSection
	GlobalSection(ProjectConfigurationPlatforms) = postSolution
		{C945394D-B810-4F44-B7FE-BA2A6E7D6838}.Debug|Any CPU.ActiveCfg = Debug|Any CPU
		{C945394D-B810-4F44-B7FE-BA2A6E7D6838}.Debug|Any CPU.Build.0 = Debug|Any CPU
		{C945394D-B810-4F44-B7FE-BA2A6E7D6838}.Release|Any CPU.ActiveCfg = Release|Any CPU
		{C945394D-B810-4F44-B7FE-BA2A6E7D6838}.Release|Any CPU.Build.0 = Release|Any CPU
	EndGlobalSection
	GlobalSection(SolutionProperties) = preSolution
		HideSolutionNode = FALSE
	EndGlobalSection
	GlobalSection(ExtensibilityGlobals) = postSolution
		SolutionGuid = {39DFC1CD-3E3B-4104-A51B-451BA42FDD7B}
	EndGlobalSection
EndGlobal
